github.com/BurntSushi/toml v0.0.0-20170626110600-a368813c5e64/go.mod h1:xHWCNGjB5oqiDr8zfno3MHue2Ht5sIBksp03qcyfWMU=
github.com/PuerkitoBio/goquery v0.0.0-20180324162212-ea1bc64a6308/go.mod h1:T9ezsOHcCrDCgA8aF1Cqr3sSYbO/xgdy8/R/XiIMAhA=
github.com/PuerkitoBio/purell v0.0.0-20171117214151-1c4bec281e4b/go.mod h1:c11w/QuzBsJSee3cPx9rAFu61PvFxuPbtSwDGJws/X0=
github.com/Scalingo/etcd-discovery v0.0.0-20180430115835-4064d96f745c/go.mod h1:MrIl8LOXQSKzhum1yiXdsS4R01uTgMdqtll+JCdjmGM=
github.com/Shopify/sarama v0.0.0-20180226143437-eae91468c242/go.mod h1:FVkBWblsNy7DGZRfXLU0O9RCGt5g3g3yEuWXgklEdEo=
github.com/StackExchange/wmi v0.0.0-20180116203802-5d049714c4a6/go.mod h1:3eOhrUMpNV+6aFIbp5/iudMxNCF27Vw2OZgy4xEx0Fg=
github.com/VividCortex/gohistogram v1.0.0/go.mod h1:Pf5mBqqDxYaXu3hDrrU+w6nw50o/4+TcAqDqk/vUH7g=
github.com/Yawning/chacha20 v0.0.0-20170904085104-e3b1f968fc63/go.mod h1:nf+Komq6fVP4SwmKEaVGxHTyQGKREVlwjQKpvOV39yE=
github.com/afex/hystrix-go v0.0.0-20180209013831-27fae8d30f1a/go.mod h1:SkGFH1ia65gfNATL8TAiHDNxPzPdmEL5uirI2Uyuz6c=
github.com/ajg/form v0.0.0-20160822230020-523a5da1a92f/go.mod h1:uL1WgH+h2mgNtvBq0339dVnzXdBETtL2LeUXaIv25UY=
github.com/akkuman/parseConfig v0.0.0-20170810150135-80c123578a71/go.mod h1:pcsUM9FXX7jgKJ7+5l/3F0M+CNsar9Pg1geVmqYvHwA=
github.com/andybalholm/cascadia v1.0.0/go.mod h1:GsXiBklL0woXo1j/WYWtSYYC4ouU9PqHO0sqidkEA4Y=
github.com/antchfx/htmlquery v0.0.0-20171205025447-9f7717ac9bac/go.mod h1:MS9yksVSQXls00iXkiMqXr0J+umL/AmxXKuP28SUJM8=
github.com/antchfx/xmlquery v0.0.0-20180509022505-3b6128f0092a/go.mod h1:/+CnyD/DzHRnv2eRxrVbieRU/FIF6N0C+7oTtyUtCKk=
github.com/antchfx/xpath v0.0.0-20180509150720-7148e5d6bb84/go.mod h1:Yee4kTMuNiPYJ7nSNorELQMr1J33uOpXDMByNYhvtNk=
github.com/apex/gateway v0.0.0-20180129192707-3794accefb9d/go.mod h1:x7iPY22zu9D8sfrynawEwh1wZEO/kQTRaOM5ye02tWU=
github.com/appleboy/go-fcm v0.0.0-20171025023350-3bc382cee418/go.mod h1:DeokSWAx9RKLcVXRodWJ0lpvHaMPfQx+cC/zODK7g8A=
github.com/appleboy/gorush v0.0.0-20180205090843-adbcff42b95e/go.mod h1:8NXDPVdu4lkF2aC3/K75H3SfaUYvIKoc/6o0BKLEqhU=
github.com/armon/go-metrics v0.0.0-20180221182744-783273d70314/go.mod h1:Q73ZrmVTwzkszR9V5SSuryQ31EELlFMUz1kKyl939pY=
github.com/asdine/storm v2.0.2+incompatible/go.mod h1:RarYDc9hq1UPLImuiXK3BIWPJLdIygvV3PsInK0FbVQ=
github.com/astaxie/beego v0.0.0-20171218111859-f16688817aa4/go.mod h1:0R4++1tUqERR0WYFWdfkcrsyoVBCG4DgpDGokT3yb+U=
github.com/aws/aws-lambda-go v0.0.0-20180203023953-402b36fec7a6/go.mod h1:zUsUQhAUjYzR8AuduJPCfhBuKWUaDbQiPOG+ouzmE1A=
github.com/aws/aws-sdk-go v0.0.0-20180306211319-628f99e2cda7/go.mod h1:ZRmQr0FajVIyZ4ZzBYKG5P3ZqPz9IHG41ZoMu1ADI3k=
github.com/aws/aws-sdk-go-v2 v0.0.0-20180306203917-309ad1c6c5e0/go.mod h1:5DmdJpM48aUShwAgzBfZDXP+O5nH9IYDqzpovC7q9Y4=
github.com/axgle/pinyin v0.0.0-20180208003132-d1557e083be4/go.mod h1:TEwpL+V6bbY/lgknmK+n4a9Wktbz+hjlL02r2aMe0ps=
github.com/beego/bee v1.8.3/go.mod h1:0z6z9KcOHepE/HeYTmfjJWIFZfQ9bkKqsBdgcm/6etM=
github.com/beorn7/perks v0.0.0-20160804104726-4c0e84591b9a/go.mod h1:Dwedo/Wpr24TaqPxmxbtue+5NUziq4I4S80YR8gNf3Q=
github.com/bitly/go-hostpool v0.0.0-20171023180738-a3a6125de932/go.mod h1:NOuUCSz6Q9T7+igc/hlvDOUdtWKryOrtFyIVABv/p7k=
github.com/bitly/go-simplejson v0.0.0-20171023175154-0c965951289c/go.mod h1:cXHtHw4XUPsvGaxgjIAn8PhEWG9NfngEKAMDJEczWVA=
github.com/bitly/timer_metrics v0.0.0-20170606164300-b1c65ca7ae62/go.mod h1:EJqiy/5FjJk5tEOxXhnxvFijOmeB5ka1D2fvqHOXUXA=
github.com/blang/semver v0.0.0-20180305174007-c5e971dbed78/go.mod h1:kRBLl5iJ+tD4TcOOxsy/0fnwebNt5EWlYSAyrTnjyyk=
github.com/bmizerany/perks v0.0.0-20141205001514-d9a9656a3a4b/go.mod h1:ac9efd0D1fsDb3EJvhqgXRbFx7bs2wqZ10HQPeU8U/Q=
github.com/bradfitz/gomemcache v0.0.0-20170208213004-1952afaa557d/go.mod h1:PmM6Mmwb0LSuEubjR8N7PtNe1KxZLtOUHtbeikc5h60=
github.com/bsm/sarama-cluster v0.0.0-20180625083203-7e67d87a6b3f/go.mod h1:r7ao+4tTNXvWm+VRpRJchr2kQhqxgmAp2iEX5W96gMM=
github.com/buaazp/fasthttprouter v0.0.0-20180211074105-28db72dff5a1/go.mod h1:h/Ap5oRVLeItGKTVBb+heQPks+HdIUtGmI4H5WCYijM=
github.com/cenkalti/backoff v2.0.0+incompatible/go.mod h1:90ReRw6GdpyfrHakVjL/QHaoyV4aDUVVkXQJJJ3NXXM=
github.com/chanxuehong/wechat v0.0.0-20180123063502-105a3b1f6e39/go.mod h1:XvVndUj8w2vgTFImKHwHtUwWjhXGdfzY6d+gWfKHw5U=
github.com/clbanning/x2j v0.0.0-20180125175000-140ca6c98b79/go.mod h1:jMjuTZXRI4dUb/I5gc9Hdhagfvm9+RyrPryS/auMzxE=
github.com/codegangsta/negroni v0.0.0-20180612002849-dae7dc68e5a9/go.mod h1:v0y3T5G7Y1UlFfyxFn/QLRU4a2EuNau2iZY63YTKWo0=
github.com/codeskyblue/gosuv v0.0.0-20180127031458-688b0605a476/go.mod h1:BgyIM5LuI5LANtp7WnEFgp+TM5x9q7E6BjiZ9TiPjIE=
github.com/containerd/cgroups v0.0.0-20180515175038-5e610833b720/go.mod h1:X9rLEHIqSf/wfK8NsPqxJmeZgW4pcfzdXITDrUSJ6uI=
github.com/coreos/bbolt v0.0.0-20180318001526-af9db2027c98/go.mod h1:iRUV2dpdMOn7Bo10OQBFzIJO9kkE559Wcmn+qkEiiKk=
github.com/coreos/etcd v0.0.0-20180305203627-211523fc883c/go.mod h1:uF7uidLiAD3TWHmW31ZFd/JWoc32PjwdhPthX9715RE=
github.com/coreos/go-semver v0.0.0-20180108230905-e214231b295a/go.mod h1:nnelYz7RCh+5ahJtPPxZlU+153eP4D4r3EedlOD2RNk=
github.com/coreos/go-systemd v0.0.0-20180705093442-88bfeed483d3/go.mod h1:F5haX7vjVVG0kc13fIWeqUViNPyEJxv/OmvnBo0Yme4=
github.com/coreos/pkg v0.0.0-20180108230652-97fdf19511ea/go.mod h1:E3G3o1h8I7cfcXa63jLwjI0eiQQMgzzUDFVpN/nH/eA=
github.com/cyfdecyf/bufio v0.0.0-20130801052708-9601756e2a6b/go.mod h1:DQSIy5um0bRxHkx+PH04spgFRk5RqHGi0sHxiv5Ws3g=
github.com/cyfdecyf/color v0.0.0-20130827105946-31d518c963d2/go.mod h1:mV04dyd0XpcvkTDehKbH1yGJE03Od3P88OZ/urLUqvw=
github.com/cyfdecyf/cow v0.0.0-20160619155848-41c0fb157c8b/go.mod h1:JJQ+yKJbcn0G14yFPuFnI/f+qphioohdoobm9d+6460=
github.com/cyfdecyf/leakybuf v0.0.0-20140618011800-ffae040843be/go.mod h1:OvIOPiANV24DVDhJDhNQh6NsAgC6mA1o0wc09vWXVkQ=
github.com/cznic/b v0.0.0-20180115125044-35e9bbe41f07/go.mod h1:URriBxXwVq5ijiJ12C7iIZqlA69nTlI+LgI6/pwftG8=
github.com/davecgh/go-spew v1.1.1/go.mod h1:J7Y8YcW2NihsgmVo/mv3lAwl/skON4iLHjSsI+c5H38=
github.com/daviddengcn/go-colortext v0.0.0-20180409174941-186a3d44e920/go.mod h1:dv4zxwHi5C/8AeI+4gX4dCWOIvNi7I6JCSX0HvlKPgE=
github.com/derekparker/delve v0.0.0-20170809230711-dc22db2b4200/go.mod h1:pMSZMfp0Nhbm8qdZJkuE/yPGOkLpGXLS1I4poXQpuJU=
github.com/dgrijalva/jwt-go v3.2.0+incompatible/go.mod h1:E3ru+11k8xSBh+hMPgOLZmtrrCbhqsmaPHjLKYnJCaQ=
github.com/dimfeld/httppath v0.0.0-20170720192232-ee938bf73598/go.mod h1:0FpDmbrt36utu8jEmeU05dPC9AB5tsLYVVi+ZHfyuwI=
github.com/dimfeld/httptreemux v5.0.1+incompatible/go.mod h1:rbUlSV+CCpv/SuqUTP/8Bk2O3LyUV436/yaRGkhP6Z0=
github.com/docker/go-units v0.3.3/go.mod h1:fgPhTUdO+D/Jk86RDLlptpiXQzgHJF7gydDDbaIK4Dk=
github.com/drone/drone v0.0.0-20180201215006-5722ce410a6a/go.mod h1:jhrjj+lR3aY8E5LI+jXxFj4OuXAbdiAIyX0jIwa3OWk=
github.com/dustin/go-humanize v0.0.0-20171111073723-bb3d318650d4/go.mod h1:HtrtbFcZ19U5GC7JDqmcUSB87Iq5E25KnS6fMYU6eOk=
github.com/eapache/go-resiliency v0.0.0-20180101203313-ef9aaa7ea8bd/go.mod h1:kFI+JgMyC7bLPUVY133qvEBtVayf5mFgVsvEsIPBvNs=
github.com/eapache/go-xerial-snappy v0.0.0-20160609142408-bb955e01b934/go.mod h1:+020luEh2TKB4/GOp8oxxtq0Daoen/Cii55CzbTV6DU=
github.com/eapache/queue v0.0.0-20180227141424-093482f3f8ce/go.mod h1:6eCeP0CKFpHLu8blIFXhExK/dRa7WDZfr6jVFPTqq+I=
github.com/edsrzf/mmap-go v0.0.0-20170320065105-0bce6a688712/go.mod h1:YO35OhQPt3KJa3ryjFM5Bs14WD66h8eGKpfaBNrHW5M=
github.com/facebookgo/clock v0.0.0-20150410010913-600d898af40a/go.mod h1:7Ga40egUymuWXxAe151lTNnCv97MddSOVsjpPPkityA=
github.com/facebookgo/grace v0.0.0-20170218225239-4afe952a37a4/go.mod h1:KigFdumBXUPSwzLDbeuzyt0elrL7+CP7TKuhrhT4bcU=
github.com/facebookgo/httpdown v0.0.0-20160323221027-a3b1354551a2/go.mod h1:TUV/fX3XrTtBQb5+ttSUJzcFgLNpILONFTKmBuk5RSw=
github.com/facebookgo/stats v0.0.0-20151006221625-1b76add642e4/go.mod h1:vsJz7uE339KUCpBXx3JAJzSRH7Uk4iGGyJzR529qDIA=
github.com/feixiao/nsq-0.3.7 v0.0.0-20170531005947-e52ff56d829f/go.mod h1:0dN/sTQ3PaKQ/beX3icAPj6F96aNlXXtZPM3NA25SdE=
github.com/franela/goreq v0.0.0-20171204163338-bcd34c9993f8/go.mod h1:ZhphrRTfi2rbfLwlschooIH4+wKKDR4Pdxhh+TRoA20=
github.com/fsnotify/fsnotify v1.4.7/go.mod h1:jwhsz4b93w/PPRr/qN1Yymfu8t87LnFCMoQvtojpjFo=
github.com/g4zhuj/hashring v0.0.0-20180426073119-5d542568fdbd/go.mod h1:9zdNtZS41ZZRfkQBuvhJxk/tKVdJewHxaUNajTPTUAU=
github.com/ga0/netgraph v0.0.0-20180614070208-d880d5dd674d/go.mod h1:1C3woUKDOZMpanYZOAE+Ph9CCKPnj8SRmAtPdZ3E4so=
github.com/garyburd/redigo v1.5.0/go.mod h1:NR3MbYisc3/PwhQ00EMzDiPmrwpPxAn5GI05/YaO1SY=
github.com/gdamore/encoding v0.0.0-20151215212835-b23993cbb635/go.mod h1:yrQYJKKDTrHmbYxI7CYi+/hbdiDT2m4Hj+t0ikCjsrQ=
github.com/gdamore/tcell v0.0.0-20180503165725-3d5f294a6fca/go.mod h1:tqyG50u7+Ctv1w5VX67kLzKcj9YXR/JSBZQq/+mLl1A=
github.com/gin-contrib/sse v0.0.0-20170109093832-22d885f9ecc7/go.mod h1:VJ0WA2NBN22VlZ2dKZQPAPnyWw5XTlK1KymzLKsr59s=
github.com/gin-gonic/gin v0.0.0-20170702092826-d459835d2b07/go.mod h1:7cKuhb5qV2ggCFctp2fJQ+ErvciLZrIeoOSOm6mUr7Y=
github.com/globalsign/mgo v0.0.0-20180403085842-f76e4f9da92e/go.mod h1:xkRDCp4j0OGD1HRkm4kmhM+pmpv3AKq5SU7GMg4oO/Q=
github.com/glycerine/rbuf v0.0.0-20171031012212-54320fe9f6f3/go.mod h1:BOGkN1CszB3i4g9xn96RH4t5uXnxJjnC5/RWJ1Wx7GM=
github.com/go-ini/ini v0.0.0-20180306112024-a76e4b8c9ac7/go.mod h1:ByCAeIL28uOIIG0E3PJtZPDL8WnHpFKFOtgjp+3Ies8=
github.com/go-kit/kit v0.0.0-20180306050847-7b0e27dddf43/go.mod h1:xBxKIO96dXMWWy0MnWVtmwkA9/13aqxPnvrjFYMA2as=
github.com/go-logfmt/logfmt v0.3.0/go.mod h1:Qt1PoO58o5twSAckw1HlFXLmHsOX5/0LbT9GBnD5lWE=
github.com/go-ole/go-ole v0.0.0-20180213002836-a1ec82a652eb/go.mod h1:7FAglXiTm7HKlQRDeOQ6ZNUHidzCWXuZWq/1dTyBNF8=
github.com/go-stack/stack v1.7.0/go.mod h1:v0f6uXyyMGvRgIKkXu+yp6POWl0qKG85gN/melR3HDY=
github.com/goadesign/examples v0.0.0-20180413165409-769e12390af7/go.mod h1:mWKBaLu0reBc+bcKcJcU++sUcL/2b8JjsO3/Bd930GM=
github.com/goadesign/goa v0.0.0-20180502193345-82836a9d6756/go.mod h1:d/9lpuZBK7HFi/7O0oXfwvdoIl+nx2bwKqctZe/lQao=
github.com/goadesign/goa-cellar v0.0.0-20180105000033-88979d5a1ca5/go.mod h1:EHPgbgzCjzI0Ow1sLQ52cQyt2zH4Xgvbk/OEAXLb6LA=
github.com/goadesign/oauth2 v0.0.0-20170412180715-b0099d2c1bfa/go.mod h1:Y7N55kp60edTIFPVeEtN5Ut7uVe/52e3F0mlrl1RkGQ=
github.com/gobwas/glob v0.0.0-20180402141543-f00a7392b439/go.mod h1:d3Ez4x06l9bZtSvzIay5+Yzi0fmZzPgnTbPcKjJAkT8=
github.com/gocolly/colly v0.0.0-20180513113702-488e630e04ca/go.mod h1:Hof5T3ZswNVsOHYmba1u03W65HDWgpV5HifSuueE0EA=
github.com/godbus/dbus v0.0.0-20180628170355-aa2b68efcdd0/go.mod h1:/YcGZj5zSblfDWMMoOzV4fas9FZnQYTkDnsGvmh2Grw=
github.com/gogo/protobuf v0.0.0-20180223151032-d5bc08a2c4c5/go.mod h1:r8qH/GZQm5c6nD/R0oafs1akxWv10x8SbQlK7atdtwQ=
github.com/golang/freetype v0.0.0-20170420012331-b12e98108289/go.mod h1:E/TSTwGwJL78qG/PmXZO1EjYhfJinVAhrmmHX6Z8B9k=
github.com/golang/groupcache v0.0.0-20180203143532-66deaeb636df/go.mod h1:cIg4eruTrX1D+g88fzRXU5OdNfaM+9IcxsU14FzY7Hc=
github.com/golang/mock v0.0.0-20180406151924-8b2eeeb0ca5f/go.mod h1:oTYuIxOrZwtPieC+H1uAHpcLFnEyAGVDL/k47Jfbm0A=
github.com/golang/protobuf v0.0.0-20180522224251-3a3da3a4e267/go.mod h1:6lQm79b+lXiMfvg/cZm0SGofjICqVBUtrP5yJMmIC1U=
github.com/golang/snappy v0.0.0-20170215233205-553a64147049/go.mod h1:/XxbfmMg8lxefKM7IXC3fBNl/7bRcc72aCRzEWrmP2Q=
github.com/golang/time v0.0.0-20180412165947-fbb02b2291d2/go.mod h1:Goyxmr1dEyuE8J10MyNptB/4WJaypDxCpNr2pf27wjI=
github.com/gonuts/commander v0.0.0-20140205141049-f8ba4e959ca9/go.mod h1:/xjRjlTtn0guGLgdI2JqUEo1Nu6M+zb/3M9b3TQkMp4=
github.com/gonuts/flag v0.0.0-20130524081338-741a6cbd37a3/go.mod h1:ZTmTGtrSPejTo/SRNhCqwLTmiAgyBdCkLYhHrAoBdz4=
github.com/google/gopacket v0.0.0-20180626211357-79cff32cd2cb/go.mod h1:UCLx9mCmAwsVbn6qQl1WIEt2SO7Nd2fD0th1TBAsqBw=
github.com/google/gops v0.0.0-20180311052415-160b358b10d6/go.mod h1:pMQgrscwEK/aUSW1IFSaBPbJX82FPHWaSoJw1axQfD0=
github.com/google/uuid v0.0.0-20171129191014-dec09d789f3d/go.mod h1:TIyPZe4MgqvfeYDBFedMoGGpEw/LqOeaOT+nhxU+yHo=
github.com/gopherjs/gopherjs v0.0.0-20180424202546-8dffc02ea1cb/go.mod h1:wJfORRmW1u3UXTncJ5qlYoELFm8eSnnEO6hX4iZ3EWY=
github.com/hashicorp/consul v0.0.0-20180306175531-fb9b0181282e/go.mod h1:mFrjN1mfidgJfYP1xrJCF+AfRhr6Eaqhb2+sfyn/OOI=
github.com/hashicorp/go-cleanhttp v0.0.0-20171218145408-d5fe4b57a186/go.mod h1:JpRdi6/HCYpAwUzNwuwqhbovhLtngrth3wmdIIUrZ80=
github.com/hashicorp/go-immutable-radix v0.0.0-20180129170900-7f3cd4390caa/go.mod h1:6ij3Z20p+OhOkCSrA0gImAWoHYQRGbnlcuk6XYTiaRw=
github.com/hashicorp/go-rootcerts v0.0.0-20160503143440-6bb64b370b90/go.mod h1:o4zcYY1e0GEZI6eSEr+43QDYmuGglw1qSO6qdHUHCgg=
github.com/hashicorp/golang-lru v0.0.0-20180201235237-0fb14efe8c47/go.mod h1:/m3WP610KZHVQ1SGc6re/UDhFvYD7pJ4Ao+sR/qLZy8=
github.com/hashicorp/hcl v0.0.0-20171017181929-23c074d0eceb/go.mod h1:oZtUIOe8dh44I2q6ScRibXws4Ajl+d+nod3AaR9vL5w=
github.com/hashicorp/serf v0.0.0-20180227185807-3b250ce4404e/go.mod h1:h/Ru6tmZazX7WO/GDmwdpS975F019L4t5ng5IgwbNrE=
github.com/henrylee2cn/goutil v0.0.0-20180321114538-0084e10a795b/go.mod h1:I9qYeMYwdKC7UFXMECNzCEv0fYuolqLeBMqsmeG7IVo=
github.com/henrylee2cn/pholcus v1.3.0/go.mod h1:LhXVJhRGu7d5vLL68Q++WDxr3Yc29iWTdLBpGc54vbI=
github.com/henrylee2cn/pholcus_lib v0.0.0-20180312025545-3ffb61273b75/go.mod h1:MMJXBGY3O0KzzaUWdkU9loxozANv8PetYDZyXpR9YHs=
github.com/hudl/fargo v0.0.0-20180122175320-d214741d6e5a/go.mod h1:y3CKSmjA+wD2gak7sUSXTAoopbhU08POFhmITJgmKTg=
github.com/ianwoolf/gohbase v0.0.0-20160416162916-9322aeb75a6e/go.mod h1:bRwwGZIlepi8+wq5W5/e9EmElwgcfroXQflKxnesQtg=
github.com/inconshreveable/log15 v0.0.0-20171019012758-0decfc6c20d9/go.mod h1:cOaXtrgN4ScfRrD9Bre7U1thNq5RtJ8ZoP4iXVGRj6o=
github.com/inconshreveable/mousetrap v1.0.0/go.mod h1:PxqpIevigyE2G7u3NXJIT2ANytuPF1OarO4DADm73n8=
github.com/influxdata/influxdb v1.5.0/go.mod h1:qZna6X/4elxqT3yI9iZYdZrWWdeFOOprn86kgg4+IzY=
github.com/itchyny/bed v0.0.0-20180507134131-dd4d1e8273cb/go.mod h1:es+F7oR4i9kAojlNevHyonAYNB97+Z6MJYRA4dwrx6w=
github.com/jawher/mow.cli v1.0.4/go.mod h1:5hQj2V8g+qYmLUVWqu4Wuja1pI57M83EChYLVZ0sMKk=
github.com/jmespath/go-jmespath v0.0.0-20180206201540-c2b33e8439af/go.mod h1:Nht3zPeWKUH0NzdCt2Blrr5ys8VGpn0CEB0cQHVjt7k=
github.com/joho/godotenv v0.0.0-20180405053634-1709ab122c98/go.mod h1:7hK45KPybAkOC6peb+G5yklZfMxEjkZhHbwpqxOKXbg=
github.com/judwhite/go-svc v0.0.0-20170205092650-52e9762f4dcd/go.mod h1:EeMSAFO3mLgEQfcvnZ50JDG0O1uQlagpAbMS6talrXE=
github.com/julienschmidt/httprouter v0.0.0-20180411154501-adbc77eec0d9/go.mod h1:SYymIcj16QtmaHHD7aYtjjsJG7VTCxuUUipMqKk8s4w=
github.com/kardianos/osext v0.0.0-20170510131534-ae77be60afb1/go.mod h1:1NbS8ALrpOvjt0rHPNLyCIeMtbizbir8U//inJ+zuB8=
github.com/kennygrant/sanitize v1.2.3/go.mod h1:LGsjYYtgxbetdg5owWB2mpgUL6e2nfw2eObZ0u0qvak=
github.com/keybase/go-ps v0.0.0-20161005175911-668c8856d999/go.mod h1:hY+WOq6m2FpbvyrI93sMaypsttvaIL5nhVR92dTMUcQ=
github.com/klauspost/compress v1.3.0/go.mod h1:RyIbtBH6LamlWaDj8nUwkbUhJ87Yi3uG0guNDohfE1A=
github.com/klauspost/cpuid v1.2.0/go.mod h1:Pj4uuM528wm8OyEC2QMXAi2YiTZ96dNQPGgoMS4s3ek=
github.com/kr/binarydist v0.0.0-20160721043806-3035450ff8b9/go.mod h1:pE49GDVOelLlVz56xncbegMQqkyTO8sM36sT8bt7Z58=
github.com/kr/logfmt v0.0.0-20140226030751-b84e30acd515/go.mod h1:+0opPa2QZZtGFBFZlji/RkVcI2GknAs/DXo4wKdlNEc=
github.com/labstack/echo v0.0.0-20180416172039-f867058e3ba4/go.mod h1:0INS7j/VjnFxD4E2wkz67b8cVwCLbBmJyDaka6Cmk1s=
github.com/labstack/gommon v0.0.0-20180426014445-588f4e8bddc6/go.mod h1:/tj9csK2iPSBvn+3NLM9e52usepMtrd5ilFYA+wQNJ4=
github.com/lightstep/lightstep-tracer-go v0.0.0-20180213200601-d4a33999738d/go.mod h1:6AMpwZpsyCFwSovxzM78e+AsYxE8sGwiM6C3TytaWeI=
github.com/lucasb-eyer/go-colorful v0.0.0-20170903184257-231272389856/go.mod h1:NXg0ArsFk0Y01623LgUqoqcouGDB+PwCCQlrwrG6xJ4=
github.com/lxmgo/learngo v0.0.0-20160203013337-aa32c274d938/go.mod h1:TabVmq1pPzq2B0tKn5ue8y2OYQEU/QQV/eGgB3deGkw=
github.com/magiconair/properties v0.0.0-20171031211101-49d762b9817b/go.mod h1:PppfXfuXeibc/6YijjN8zIbojt8czPbwD3XqdrwzmxQ=
github.com/manveru/faker v0.0.0-20171103152722-9fbc68a78c4d/go.mod h1:WZy8Q5coAB1zhY9AOBJP0O6J4BuDfbupUDavKY+I3+s=
github.com/mattn/go-colorable v0.0.0-20180310133214-efa589957cd0/go.mod h1:9vuHe8Xs5qXnSaW/c/ABM9alt+Vo+STaOChaDxuIBZU=
github.com/mattn/go-isatty v0.0.4/go.mod h1:M+lRXTBqGeGNdLjl/ufCoiOlB5xdOkqRJdNxMWT7Zi4=
github.com/mattn/go-runewidth v0.0.3/go.mod h1:LwmH8dsx7+W8Uxz3IHJYH5QSwggIsqBzpuz5H//U1FU=
github.com/mattn/goreman v0.0.0-20180625074718-e06e61566111/go.mod h1:pMVM+Koudpt5fYZEz2bzvx0Spdm4izKf1fzrtl+groA=
github.com/matttproud/golang_protobuf_extensions v1.0.1/go.mod h1:D8He9yQNgCq6Z5Ld7szi9bcBfOoFv/3dc6xSMkL2PC0=
github.com/miekg/dns v0.0.0-20180301142209-906238edc6eb/go.mod h1:W1PPwlIAgtquWBMBEV9nkV9Cazfe8ScdGz/Lj7v3Nrg=
github.com/mitchellh/go-homedir v0.0.0-20161203194507-b8bc1bf76747/go.mod h1:SfyaCUpYCn1Vlf4IUYiD9fPX4A5wJrkLzIz1N1q0pr0=
github.com/mitchellh/mapstructure v0.0.0-20180203102830-a4e142e9c047/go.mod h1:FVVH3fgwuzCH5S8UJGiWEs2h04kUh9fWfEaFds41c1Y=
github.com/mkevac/debugcharts v0.0.0-20180124214838-d3203a8fa926/go.mod h1:DFtsJNc3AsN/BqWzur7rmLJI+fr7L6owUVZuvkNv1Oc=
github.com/moyuanz/hahajing v0.0.0-20180325030237-e17d9d5b10f9/go.mod h1:xmKB++PDAILUw2thIDQt9B0Oqbf0PkvbidC14HF3wtg=
github.com/mreiferson/go-options v0.0.0-20161229190002-77551d20752b/go.mod h1:A0JOgZNsj9V+npbgxH0Ib75PvrHS6Ezri/4HdcTp/DI=
github.com/mreiferson/go-snappystream v0.2.3/go.mod h1:hPB+SkMcb49n7i7BErAtgT4jFQcaCVp6Vyu7aZ46qQo=
github.com/natefinch/lumberjack v0.0.0-20150411233054-6d54cbc97d7e/go.mod h1:Wi9p2TTF5DG5oU+6YfsmYQpsTIOm0B1VNzQg9Mw6nPk=
github.com/nsqio/go-nsq v0.0.0-20180614140936-be2eb3566795/go.mod h1:XP5zaUs3pqf+Q71EqUJs3HYfBIqfK6G83WQMdNN+Ito=
github.com/nu7hatch/gouuid v0.0.0-20131221200532-179d4d0c4d8d/go.mod h1:YUTz3bUH2ZwIWBy3CJBeOBEugqcmXREj14T+iG/4k4U=
github.com/oklog/oklog v0.0.0-20180221023908-5716cd64ee1c/go.mod h1:FCV+B7mhrz4o+ueLpx+KqkyXRGMWOYEvfiXtdGtbWGs=
github.com/oklog/run v1.0.0/go.mod h1:dlhp/R75TPv97u0XWUtDeV/lRKWPKSdTuV0TZvrmrQA=
github.com/op/go-logging v0.0.0-20160315200505-970db520ece7/go.mod h1:HzydrMdWErDVzsI23lYNej1Htcns9BCg93Dk0bBINWk=
github.com/opencontainers/runtime-spec v0.0.0-20180710222632-d810dbc60d8c/go.mod h1:jwyrGlmzljRJv/Fgzds9SsS/C5hL+LL3ko9hs6T5lQ0=
github.com/opentracing-contrib/go-observer v0.0.0-20170622124052-a52f23424492/go.mod h1:Ngi6UdF0k5OKD5t5wlmGhe/EDKPoUM3BXZSSfIuJbis=
github.com/opentracing/basictracer-go v0.0.0-20180221004625-4f57fa6c2e72/go.mod h1:QfBfYuafItcjQuMwinw9GhYKwFXS9KnPs5lxoYwgW74=
github.com/opentracing/opentracing-go v0.0.0-20180212003421-3999fca714c8/go.mod h1:UkNAQd3GIcIGf0SeVgPpRdFStlNbqXla1AfSYxPUl2o=
github.com/openzipkin/zipkin-go-opentracing v0.3.3/go.mod h1:js2AbwmHW0YD9DwIw2JhQWmbfFi/UnWyYwdVhqbCDOE=
github.com/pborman/uuid v0.0.0-20180122190007-c65b2f87fee3/go.mod h1:VyrYX9gd7irzKovcSS6BIIEwPRkP2Wm2m9ufcdFSJ34=
github.com/pelletier/go-toml v1.1.0/go.mod h1:5z9KED0ma1S8pY6P1sdut58dfprrGBbd/94hg7ilaic=
github.com/performancecopilot/speed v3.0.0+incompatible/go.mod h1:/CLtqpZ5gBg1M9iaPbIdPPGyKcA8hKdoy6hAWba7Yac=
github.com/pierrec/lz4 v0.0.0-20180113151703-ed8d4cc3b461/go.mod h1:pdkljMzZIN41W+lC3N2tnIh5sFi+IEE17M5jbnwPHcY=
github.com/pierrec/xxHash v0.0.0-20170714082455-a0006b13c722/go.mod h1:w2waW5Zoa/Wc4Yqe0wgrIYAGKqRMf7czn2HNKXmuL+I=
github.com/pkg/errors v0.0.0-20180127015812-30136e27e2ac/go.mod h1:bwawxfHBFNV+L2hUp1rHADufV3IMtnDRdf1r5NINEl0=
github.com/prometheus/client_golang v0.0.0-20180203142815-9bb6ab929dcb/go.mod h1:7SWBe2y4D6OKWSNQJUaRYU/AaXPKyh/dDVn+NZz0KFw=
github.com/prometheus/client_model v0.0.0-20171117100541-99fa1f4be8e5/go.mod h1:MbSGuTsp3dbXC40dX6PRTWyKYBIrTGTE9sqQNg2J8bo=
github.com/prometheus/common v0.0.0-20180110214958-89604d197083/go.mod h1:daVV7qP5qjZbuso7PdcryaAu0sAZbrN9i7WWcTMWvro=
github.com/prometheus/procfs v0.0.0-20180125133057-cb4147076ac7/go.mod h1:c3At6R/oaqEKCNdg8wHV1ftS6bRYblBhIjjI8uT2IGk=
github.com/qiangxue/fasthttp-routing v0.0.0-20160225050629-6ccdc2a18d87/go.mod h1:zwr0xP4ZJxwCS/g2d+AUOUwfq/j2NC7a1rK3F0ZbVYM=
github.com/qiniu/log v0.0.0-20140728012331-e002bc2020b1/go.mod h1:WSWulkCEBvfLKNNmweUmJjQGNaYzdHqpTRITXdUNQiQ=
github.com/rcrowley/go-metrics v0.0.0-20180125231941-8732c616f529/go.mod h1:bCqnVzQkZxMG4s8nGwiZ5l3QUCyqpo9Y+/ZMZ9VjZe4=
github.com/robfig/cron v0.0.0-20180505203441-b41be1df6967/go.mod h1:JGuDeoQd7Z6yL4zQhZ3OPEVHB7fL6Ka6skscFHfmt2k=
github.com/saintfish/chardet v0.0.0-20120816061221-3af4cd4741ca/go.mod h1:uugorj2VCxiV1x+LzaIdVa9b4S4qGAcH6cbhh4qVxOU=
github.com/samuel/go-zookeeper v0.0.0-20180130194729-c4fab1ac1bec/go.mod h1:gi+0XIa01GRL2eRQVjQkKGqKF3SF9vZR/HnPullcV2E=
github.com/sanbornm/go-selfupdate v0.0.0-20161216172240-bf295275fb1e/go.mod h1:smwNxgPPofIa0waDFEvust3+MZHkiUIet1WMk1SJYl8=
github.com/satori/go.uuid v0.0.0-20180103174451-36e9d2ebbde5/go.mod h1:dA0hQrYB0VpLJoorglMZABFdXlWrHn1NEOzdhQKdks0=
github.com/sdming/goh v0.0.0-20130319082738-7071d6d7ab1f/go.mod h1:F8hMypr8YgI2vNkQ7XDloC88ddODPWf/CN0CxMg2e/w=
github.com/shadowsocks/shadowsocks-go v0.0.0-20180619022606-374838873ca7/go.mod h1:mttDPaeLm87u74HMrP+n2tugXvIKWcwff/cqSX0lehY=
github.com/shirou/gopsutil v0.0.0-20180331130515-fc04d2dd9a51/go.mod h1:5b4v6he4MtMOwMlS0TUMTu2PcXUg8+E1lC7eC3UO/RA=
github.com/shirou/w32 v0.0.0-20160930032740-bb4de0191aa4/go.mod h1:qsXQc7+bwAM3Q1u/4XEfrquwF8Lw7D7y5cD8CuHnfIc=
github.com/sideshow/apns2 v0.0.0-20171218084920-df275e5c35d2/go.mod h1:f7dArLPLbiZ3qPdzzrZXdCSlMp8FD0p6z7tHssDOLvk=
github.com/silenceper/wechat v0.0.0-20180207084620-8da56f49d968/go.mod h1:JKAk3URsmQk11QCP/n3xq71Z5XdtCaLI61zRNbhFdVk=
github.com/sirupsen/logrus v0.0.0-20180129181852-768a92a02685/go.mod h1:pMByvHTf9Beacp5x1UXfOR9xyW/9antXMhjMPG0dEzc=
github.com/sony/gobreaker v0.0.0-20171108100924-3cb67c77c1d1/go.mod h1:XvpJiTD8NibaH7z0NzyfhR1+NQDtR9F/x92xheTwC9k=
github.com/soopsio/kexec v0.0.0-20160908020525-863094f94c7f/go.mod h1:r+dgp8oBQMnx3Ux1BREpfFOcK4RUHXpV1rGc4I17BuQ=
github.com/spaolacci/murmur3 v0.0.0-20180118202830-f09979ecbc72/go.mod h1:JwIasOWyU6f++ZhiEuf87xNszmSA2myDM2Kzu9HwQUA=
github.com/spf13/afero v1.0.2/go.mod h1:j4pytiNVoe2o6bmDsKpLACNPDBIoEAkihy7loJ1B0CQ=
github.com/spf13/cast v1.1.0/go.mod h1:r2rcYCSwa1IExKTDiTfzaxqT2FNHs8hODu4LnUfgKEg=
github.com/spf13/cobra v0.0.0-20170426193017-6dd90846ba12/go.mod h1:1l0Ry5zgKvJasoi3XT1TypsSe7PqH0Sj9dhYf7v3XqQ=
github.com/spf13/jwalterweatherman v0.0.0-20180109140146-7c0cea34c8ec/go.mod h1:cQK4TGJAtQXfYWX+Ddv3mKDzgVb68N+wFjFa4jdeBTo=
github.com/spf13/pflag v0.0.0-20170426192041-314c91c3e942/go.mod h1:DYY7MBk1bdzusC3SYhjObp+wFpr4gzcvqqNjLnInEg4=
github.com/spf13/viper v0.0.0-20171227194143-aafc9e6bc7b7/go.mod h1:A8kyI5cUJhb8N+3pkfONlcEcZbueH6nhAm0Fq7SrnBM=
github.com/streadway/handy v0.0.0-20160402200321-f450267a206e/go.mod h1:qNTQ5P5JnDBl6z3cMAg/SywNDC5ABu5ApDIw6lUbRmI=
github.com/syndtr/goleveldb v0.0.0-20180128140416-211f78098806/go.mod h1:Z4AUp2Km+PwemOoO/VB5AOx9XSsIItzFjoJlOSiYmn0=
github.com/tabalt/gracehttp v0.0.0-20180327014928-c6579a30be2b/go.mod h1:EJsPEa2sQSNd8jJDnWDUab7KRdq220Vr6iP0Man9M3I=
github.com/tabalt/ipquery v0.0.0-20161127181128-a1d104814f78/go.mod h1:FCnF2PR2BZ7kPKiTTSbcHM9YzYS9pQD0topmWvzZ/ko=
github.com/tabalt/ipqueryd v0.0.0-20170208021210-93d29319ee1a/go.mod h1:VkOfTn9PF0sT5pEkW41h3BN+bY0OFMwZuqzlwM1J2r0=
github.com/tabalt/pidfile v0.0.0-20171103075842-e67846e496be/go.mod h1:7F1QwNrjfAApsuX4Nyah3RsbHVAdY/D9qZWp0nnJ/Uw=
github.com/temoto/robotstxt v0.0.0-20170603013557-9e4646fa7053/go.mod h1:aOux3gHPCftJ3KHq6Pz/AlDjYJ7Y+yKfm1gU/3B0u04=
github.com/thoas/stats v0.0.0-20170926101542-37829025d224/go.mod h1:GkZsNBOco11YY68OnXUARbSl26IOXXAeYf6ZKmSZR2M=
github.com/tidwall/btree v0.0.0-20170113224114-9876f1454cf0/go.mod h1:huei1BkDWJ3/sLXmO+bsCNELL+Bp2Kks9OLyQFkzvA8=
github.com/tidwall/buntdb v1.0.0/go.mod h1:Y39xhcDW10WlyYXeLgGftXVbjtM0QP+/kpz8xl9cbzE=
github.com/tidwall/gjson v1.0.6/go.mod h1:c/nTNbUr0E0OrXEhq1pwa8iEgc2DOt4ZZqAt1HtCkPA=
github.com/tidwall/grect v0.0.0-20161006141115-ba9a043346eb/go.mod h1:lKYYLFIr9OIgdgrtgkZ9zgRxRdvPYsExnYBsEAd8W5M=
github.com/tidwall/match v1.0.0/go.mod h1:LujAq0jyVjBy028G1WhWfIzbpQfMO8bBZ6Tyb0+pL9E=
github.com/tidwall/rtree v0.0.0-20180113144539-6cd427091e0e/go.mod h1:/h+UnNGt0IhNNJLkGikcdcJqm66zGD/uJGMRxK/9+Ao=
github.com/tidwall/tinyqueue v0.0.0-20170501201632-1feaf062ef04/go.mod h1:mLqSmt7Dv/CNneF2wfcChfN1rvapyQr01LGKnKex0DQ=
github.com/tsuna/gohbase v0.0.0-20180222011351-4e6cef8dacd2/go.mod h1:3HfLQly3YNLGxNv/2YOfmz30vcjG9hbuME1GpxoLlGs=
github.com/tylerb/graceful v0.0.0-20170221171003-d72b0151351a/go.mod h1:LPYTbOYmUTdabwRt0TGhLllQ0MUNbs0Y5q1WXJOI9II=
github.com/ugorji/go v0.0.0-20180131123904-105e48374b52/go.mod h1:hnLbHMwcvSihnDhEfx2/BzKp2xb0Y+ErdfYcrs9tkJQ=
github.com/valyala/bytebufferpool v1.0.0/go.mod h1:6bBcMArwyJ5K/AmCkWv1jt77kVWyCJ6HpOuEn7z0Csc=
github.com/valyala/fasthttp v0.0.0-20171207120941-e5f51c11919d/go.mod h1:+g/po7GqyG5E+1CNgquiIxJnsXEi5vwFn5weFujbO78=
github.com/valyala/fasttemplate v0.0.0-20170224212429-dcecefd839c4/go.mod h1:50wTf68f99/Zt14pr046Tgt3Lp2vLyFZKzbFXTOabXw=
github.com/valyala/tcplisten v0.0.0-20161114210144-ceec8f93295a/go.mod h1:v3UYOV9WzVtRmSR+PDvWpU/qWl4Wa5LApYYX4ZtKbio=
github.com/vincentLiuxiang/lu v0.0.0-20170523060702-9328682acd3d/go.mod h1:fzkVdRyHqurT93ERToWJcpvv9VUNISgtM3xsF2gXpzg=
github.com/voidint/gbb v0.0.0-20170408024657-fad8dd047173/go.mod h1:oB1OFZY1UbhbIFL+vCENhwXyeHlnlYYVFue4/nGyhgg=
github.com/willf/bitset v0.0.0-20170905002639-1a37ad96e8c1/go.mod h1:RjeCKbqT1RxIR/KWY6phxZiaY1IyutSBfGjNPySAYV4=
github.com/willf/bloom v2.0.3+incompatible/go.mod h1:MmAltL9pDMNTrvUkxdg0k0q5I0suxmuwp3KbyrZLOZ8=
github.com/xlab/treeprint v0.0.0-20180324111030-505f0eee75dc/go.mod h1:ce1O1j6UtZfjr22oyGxGLbauSBp2YVXpARAosm7dHBg=
github.com/yaotian/gowechat v0.0.0-20180129120839-42de4f86cb0f/go.mod h1:lzFqwvvTl0Z1lkobZNvbFNSww8EA+lVRcV/V5R9wmRk=
github.com/zach-klippenstein/goregen v0.0.0-20160303162051-795b5e3961ea/go.mod h1:eNr558nEUjP8acGw8FFjTeWvSgU1stO7FAO6eknhHe4=
go4.org v0.0.0-20180417224846-9599cf28b011/go.mod h1:MkTOUMDaeVYJUOUsaDXIhWPZYa1yOyC1qaOBpL57BhE=
golang.org/x/net v0.0.0-20180218175443-cbe0f9307d01/go.mod h1:mL1N/T3taQHkDXs73rZJwtUhF3w3ftmwwsq0BUmARs4=
gopkg.in/appleboy/gin-status-api.v1 v1.0.1/go.mod h1:X8bhgN2h4PXwJthf69L7rIAqDdnRZptEroSSpFiSnUg=
gopkg.in/chanxuehong/wechat.v2 v2.0.0-20180204044337-f77f6157f681/go.mod h1:HuIcE5yEmuAHBXNX5U4KUQRCki6sXCbLjPauW+ppvI0=
gopkg.in/errgo.v1 v1.0.0-20180502123906-c17903c6b19d/go.mod h1:u0ALmqvLRxLI95fkdCEWrE6mhWYZW1aMOJHp5YXLHTg=
gopkg.in/fukata/golang-stats-api-handler.v1 v1.0.0/go.mod h1:GUgEemw8P+egdtLtzGsN/STzYt5kI76HPw4JWg7gDvw=
gopkg.in/gcfg.v1 v1.2.1/go.mod h1:yesOnuUOFQAhST5vPY4nbZsb/huCgGGXlipJsBn0b3o=
gopkg.in/go-playground/validator.v8 v8.18.2/go.mod h1:RX2a/7Ha8BgOhfk7j780h4/u/RRjR0eouCJSH80/M2Y=
gopkg.in/inconshreveable/go-update.v0 v0.0.0-20150814200126-d8b0b1d421aa/go.mod h1:tuNm0ntQ7IH9VSA39XxzLMpee5c2DwgIbjD4x3ydo8Y=
gopkg.in/olivere/elastic.v5 v5.0.69/go.mod h1:FylZT6jQWtfHsicejzOm3jIMVPOAksa80i3o+6qtQRk=
gopkg.in/redis.v5 v5.2.9/go.mod h1:6gtv0/+A4iM08kdRfocWYB3bLX2tebpNtfKlFT6H4mY=
gopkg.in/warnings.v0 v0.1.2/go.mod h1:jksf8JmL6Qr/oQM2OXTHunEvvTAsrWBLb6OOjuVWRNI=
gopkg.in/yaml.v2 v2.0.0/go.mod h1:JAlM8MvJe8wmxCU4Bli9HhUf9+ttbYbLASfIpnQbh74=
rsc.io/goversion v1.2.0/go.mod h1:Eih9y/uIBS3ulggl7KNJ09xGSLcuNaLgmvvqa07sgfo=
sourcegraph.com/sourcegraph/appdash v0.0.0-20180110180208-2cc67fd64755/go.mod h1:hI742Nqp5OhwiqlzhgfbWU4mW4yO10fP+LoT9WOswdU=
